// !$*UTF8*$!
{
	archiveVersion = 1;
	classes = {
	};
	objectVersion = 46;
	objects = {

/* Begin PBXBuildFile section */
		8F33E2B71EEFB78400DFFBD5 /* AppDelegate.m in Sources */ = {isa = PBXBuildFile; fileRef = 8F33E2A51EEFB78400DFFBD5 /* AppDelegate.m */; };
		8F33E2B81EEFB78400DFFBD5 /* Assets.xcassets in Resources */ = {isa = PBXBuildFile; fileRef = 8F33E2A61EEFB78400DFFBD5 /* Assets.xcassets */; };
		8F33E2B91EEFB78400DFFBD5 /* LaunchScreen.storyboard in Resources */ = {isa = PBXBuildFile; fileRef = 8F33E2A71EEFB78400DFFBD5 /* LaunchScreen.storyboard */; };
		8F33E2BA1EEFB78400DFFBD5 /* Main.storyboard in Resources */ = {isa = PBXBuildFile; fileRef = 8F33E2A91EEFB78400DFFBD5 /* Main.storyboard */; };
		8F33E2BB1EEFB78400DFFBD5 /* DWWXSDK.m in Sources */ = {isa = PBXBuildFile; fileRef = 8F33E2AD1EEFB78400DFFBD5 /* DWWXSDK.m */; };
		8F33E2BC1EEFB78400DFFBD5 /* Info.plist in Resources */ = {isa = PBXBuildFile; fileRef = 8F33E2AE1EEFB78400DFFBD5 /* Info.plist */; };
		8F33E2BD1EEFB78400DFFBD5 /* main.m in Sources */ = {isa = PBXBuildFile; fileRef = 8F33E2AF1EEFB78400DFFBD5 /* main.m */; };
		8F33E2BE1EEFB78400DFFBD5 /* libWeChatSDK.a in Frameworks */ = {isa = PBXBuildFile; fileRef = 8F33E2B11EEFB78400DFFBD5 /* libWeChatSDK.a */; };
		8F33E2BF1EEFB78400DFFBD5 /* ViewController.m in Sources */ = {isa = PBXBuildFile; fileRef = 8F33E2B61EEFB78400DFFBD5 /* ViewController.m */; };
		8F33E2C71EF00FF000DFFBD5 /* shareImage.jpg in Resources */ = {isa = PBXBuildFile; fileRef = 8F33E2C61EF00FF000DFFBD5 /* shareImage.jpg */; };
		8FA1BDE81EEE294200989ECA /* UIKit.framework in Frameworks */ = {isa = PBXBuildFile; fileRef = 8FA1BDE71EEE294200989ECA /* UIKit.framework */; };
		8FA1BDEA1EEE294800989ECA /* CFNetwork.framework in Frameworks */ = {isa = PBXBuildFile; fileRef = 8FA1BDE91EEE294800989ECA /* CFNetwork.framework */; };
		8FA1BDEC1EEE295400989ECA /* libcurses.tbd in Frameworks */ = {isa = PBXBuildFile; fileRef = 8FA1BDEB1EEE295400989ECA /* libcurses.tbd */; };
		8FA1BDEE1EEE295B00989ECA /* Security.framework in Frameworks */ = {isa = PBXBuildFile; fileRef = 8FA1BDED1EEE295B00989ECA /* Security.framework */; };
		8FA1BDF01EEE296500989ECA /* libc++.tbd in Frameworks */ = {isa = PBXBuildFile; fileRef = 8FA1BDEF1EEE296500989ECA /* libc++.tbd */; };
		8FA1BDF21EEE296F00989ECA /* libz.tbd in Frameworks */ = {isa = PBXBuildFile; fileRef = 8FA1BDF11EEE296F00989ECA /* libz.tbd */; };
		8FA1BDF41EEE297800989ECA /* Foundation.framework in Frameworks */ = {isa = PBXBuildFile; fileRef = 8FA1BDF31EEE297800989ECA /* Foundation.framework */; };
		8FA1BDF61EEE298400989ECA /* CoreTelephony.framework in Frameworks */ = {isa = PBXBuildFile; fileRef = 8FA1BDF51EEE298400989ECA /* CoreTelephony.framework */; };
		8FA1BDF81EEE299B00989ECA /* SystemConfiguration.framework in Frameworks */ = {isa = PBXBuildFile; fileRef = 8FA1BDF71EEE299B00989ECA /* SystemConfiguration.framework */; };
		8FA1BE051EEE2ABA00989ECA /* libsqlite3.0.tbd in Frameworks */ = {isa = PBXBuildFile; fileRef = 8FA1BE041EEE2ABA00989ECA /* libsqlite3.0.tbd */; };
/* End PBXBuildFile section */

/* Begin PBXFileReference section */
		8F33E2A41EEFB78400DFFBD5 /* AppDelegate.h */ = {isa = PBXFileReference; fileEncoding = 4; lastKnownFileType = sourcecode.c.h; path = AppDelegate.h; sourceTree = "<group>"; };
		8F33E2A51EEFB78400DFFBD5 /* AppDelegate.m */ = {isa = PBXFileReference; fileEncoding = 4; lastKnownFileType = sourcecode.c.objc; path = AppDelegate.m; sourceTree = "<group>"; };
		8F33E2A61EEFB78400DFFBD5 /* Assets.xcassets */ = {isa = PBXFileReference; lastKnownFileType = folder.assetcatalog; path = Assets.xcassets; sourceTree = "<group>"; };
		8F33E2A81EEFB78400DFFBD5 /* Base */ = {isa = PBXFileReference; lastKnownFileType = file.storyboard; name = Base; path = Base.lproj/LaunchScreen.storyboard; sourceTree = "<group>"; };
		8F33E2AA1EEFB78400DFFBD5 /* Base */ = {isa = PBXFileReference; lastKnownFileType = file.storyboard; name = Base; path = Base.lproj/Main.storyboard; sourceTree = "<group>"; };
		8F33E2AC1EEFB78400DFFBD5 /* DWWXSDK.h */ = {isa = PBXFileReference; fileEncoding = 4; lastKnownFileType = sourcecode.c.h; path = DWWXSDK.h; sourceTree = "<group>"; };
		8F33E2AD1EEFB78400DFFBD5 /* DWWXSDK.m */ = {isa = PBXFileReference; fileEncoding = 4; lastKnownFileType = sourcecode.c.objc; path = DWWXSDK.m; sourceTree = "<group>"; };
		8F33E2AE1EEFB78400DFFBD5 /* Info.plist */ = {isa = PBXFileReference; fileEncoding = 4; lastKnownFileType = text.plist.xml; path = Info.plist; sourceTree = "<group>"; };
		8F33E2AF1EEFB78400DFFBD5 /* main.m */ = {isa = PBXFileReference; fileEncoding = 4; lastKnownFileType = sourcecode.c.objc; path = main.m; sourceTree = "<group>"; };
		8F33E2B11EEFB78400DFFBD5 /* libWeChatSDK.a */ = {isa = PBXFileReference; lastKnownFileType = archive.ar; path = libWeChatSDK.a; sourceTree = "<group>"; };
		8F33E2B21EEFB78400DFFBD5 /* WechatAuthSDK.h */ = {isa = PBXFileReference; fileEncoding = 4; lastKnownFileType = sourcecode.c.h; path = WechatAuthSDK.h; sourceTree = "<group>"; };
		8F33E2B31EEFB78400DFFBD5 /* WXApi.h */ = {isa = PBXFileReference; fileEncoding = 4; lastKnownFileType = sourcecode.c.h; path = WXApi.h; sourceTree = "<group>"; };
		8F33E2B41EEFB78400DFFBD5 /* WXApiObject.h */ = {isa = PBXFileReference; fileEncoding = 4; lastKnownFileType = sourcecode.c.h; path = WXApiObject.h; sourceTree = "<group>"; };
		8F33E2B51EEFB78400DFFBD5 /* ViewController.h */ = {isa = PBXFileReference; fileEncoding = 4; lastKnownFileType = sourcecode.c.h; path = ViewController.h; sourceTree = "<group>"; };
		8F33E2B61EEFB78400DFFBD5 /* ViewController.m */ = {isa = PBXFileReference; fileEncoding = 4; lastKnownFileType = sourcecode.c.objc; path = ViewController.m; sourceTree = "<group>"; };
		8F33E2C61EF00FF000DFFBD5 /* shareImage.jpg */ = {isa = PBXFileReference; lastKnownFileType = image.jpeg; path = shareImage.jpg; sourceTree = "<group>"; };
		8FA1BDCC1EEE28FD00989ECA /* DWWXSDKDemo.app */ = {isa = PBXFileReference; explicitFileType = wrapper.application; includeInIndex = 0; path = DWWXSDKDemo.app; sourceTree = BUILT_PRODUCTS_DIR; };
		8FA1BDE71EEE294200989ECA /* UIKit.framework */ = {isa = PBXFileReference; lastKnownFileType = wrapper.framework; name = UIKit.framework; path = System/Library/Frameworks/UIKit.framework; sourceTree = SDKROOT; };
		8FA1BDE91EEE294800989ECA /* CFNetwork.framework */ = {isa = PBXFileReference; lastKnownFileType = wrapper.framework; name = CFNetwork.framework; path = System/Library/Frameworks/CFNetwork.framework; sourceTree = SDKROOT; };
		8FA1BDEB1EEE295400989ECA /* libcurses.tbd */ = {isa = PBXFileReference; lastKnownFileType = "sourcecode.text-based-dylib-definition"; name = libcurses.tbd; path = usr/lib/libcurses.tbd; sourceTree = SDKROOT; };
		8FA1BDED1EEE295B00989ECA /* Security.framework */ = {isa = PBXFileReference; lastKnownFileType = wrapper.framework; name = Security.framework; path = System/Library/Frameworks/Security.framework; sourceTree = SDKROOT; };
		8FA1BDEF1EEE296500989ECA /* libc++.tbd */ = {isa = PBXFileReference; lastKnownFileType = "sourcecode.text-based-dylib-definition"; name = "libc++.tbd"; path = "usr/lib/libc++.tbd"; sourceTree = SDKROOT; };
		8FA1BDF11EEE296F00989ECA /* libz.tbd */ = {isa = PBXFileReference; lastKnownFileType = "sourcecode.text-based-dylib-definition"; name = libz.tbd; path = usr/lib/libz.tbd; sourceTree = SDKROOT; };
		8FA1BDF31EEE297800989ECA /* Foundation.framework */ = {isa = PBXFileReference; lastKnownFileType = wrapper.framework; name = Foundation.framework; path = System/Library/Frameworks/Foundation.framework; sourceTree = SDKROOT; };
		8FA1BDF51EEE298400989ECA /* CoreTelephony.framework */ = {isa = PBXFileReference; lastKnownFileType = wrapper.framework; name = CoreTelephony.framework; path = System/Library/Frameworks/CoreTelephony.framework; sourceTree = SDKROOT; };
		8FA1BDF71EEE299B00989ECA /* SystemConfiguration.framework */ = {isa = PBXFileReference; lastKnownFileType = wrapper.framework; name = SystemConfiguration.framework; path = System/Library/Frameworks/SystemConfiguration.framework; sourceTree = SDKROOT; };
		8FA1BE041EEE2ABA00989ECA /* libsqlite3.0.tbd */ = {isa = PBXFileReference; lastKnownFileType = "sourcecode.text-based-dylib-definition"; name = libsqlite3.0.tbd; path = usr/lib/libsqlite3.0.tbd; sourceTree = SDKROOT; };
/* End PBXFileReference section */

/* Begin PBXFrameworksBuildPhase section */
		8FA1BDC91EEE28FD00989ECA /* Frameworks */ = {
			isa = PBXFrameworksBuildPhase;
			buildActionMask = 2147483647;
			files = (
				8FA1BE051EEE2ABA00989ECA /* libsqlite3.0.tbd in Frameworks */,
				8FA1BDF21EEE296F00989ECA /* libz.tbd in Frameworks */,
				8FA1BDF01EEE296500989ECA /* libc++.tbd in Frameworks */,
				8FA1BDEC1EEE295400989ECA /* libcurses.tbd in Frameworks */,
				8FA1BDF61EEE298400989ECA /* CoreTelephony.framework in Frameworks */,
				8F33E2BE1EEFB78400DFFBD5 /* libWeChatSDK.a in Frameworks */,
				8FA1BDF81EEE299B00989ECA /* SystemConfiguration.framework in Frameworks */,
				8FA1BDF41EEE297800989ECA /* Foundation.framework in Frameworks */,
				8FA1BDEE1EEE295B00989ECA /* Security.framework in Frameworks */,
				8FA1BDEA1EEE294800989ECA /* CFNetwork.framework in Frameworks */,
				8FA1BDE81EEE294200989ECA /* UIKit.framework in Frameworks */,
			);
			runOnlyForDeploymentPostprocessing = 0;
		};
/* End PBXFrameworksBuildPhase section */

/* Begin PBXGroup section */
		8F33E2A31EEFB78400DFFBD5 /* DWWXSDKDemo */ = {
			isa = PBXGroup;
			children = (
				8F33E2A41EEFB78400DFFBD5 /* AppDelegate.h */,
				8F33E2A51EEFB78400DFFBD5 /* AppDelegate.m */,
				8F33E2A61EEFB78400DFFBD5 /* Assets.xcassets */,
				8F33E2A71EEFB78400DFFBD5 /* LaunchScreen.storyboard */,
				8F33E2A91EEFB78400DFFBD5 /* Main.storyboard */,
				8F33E2C61EF00FF000DFFBD5 /* shareImage.jpg */,
				8F33E2AB1EEFB78400DFFBD5 /* DWWXSDK */,
				8F33E2AE1EEFB78400DFFBD5 /* Info.plist */,
				8F33E2AF1EEFB78400DFFBD5 /* main.m */,
				8F33E2B01EEFB78400DFFBD5 /* OpenSDK1.7.7 */,
				8F33E2B51EEFB78400DFFBD5 /* ViewController.h */,
				8F33E2B61EEFB78400DFFBD5 /* ViewController.m */,
			);
			path = DWWXSDKDemo;
			sourceTree = "<group>";
		};
		8F33E2AB1EEFB78400DFFBD5 /* DWWXSDK */ = {
			isa = PBXGroup;
			children = (
				8F33E2AC1EEFB78400DFFBD5 /* DWWXSDK.h */,
				8F33E2AD1EEFB78400DFFBD5 /* DWWXSDK.m */,
			);
			path = DWWXSDK;
			sourceTree = "<group>";
		};
		8F33E2B01EEFB78400DFFBD5 /* OpenSDK1.7.7 */ = {
			isa = PBXGroup;
			children = (
				8F33E2B11EEFB78400DFFBD5 /* libWeChatSDK.a */,
				8F33E2B21EEFB78400DFFBD5 /* WechatAuthSDK.h */,
				8F33E2B31EEFB78400DFFBD5 /* WXApi.h */,
				8F33E2B41EEFB78400DFFBD5 /* WXApiObject.h */,
			);
			path = OpenSDK1.7.7;
			sourceTree = "<group>";
		};
		8FA1BDC31EEE28FD00989ECA = {
			isa = PBXGroup;
			children = (
				8F33E2A31EEFB78400DFFBD5 /* DWWXSDKDemo */,
				8FA1BDCD1EEE28FD00989ECA /* Products */,
				8FA1BDE61EEE294200989ECA /* Frameworks */,
			);
			sourceTree = "<group>";
		};
		8FA1BDCD1EEE28FD00989ECA /* Products */ = {
			isa = PBXGroup;
			children = (
				8FA1BDCC1EEE28FD00989ECA /* DWWXSDKDemo.app */,
			);
			name = Products;
			sourceTree = "<group>";
		};
		8FA1BDE61EEE294200989ECA /* Frameworks */ = {
			isa = PBXGroup;
			children = (
				8FA1BE041EEE2ABA00989ECA /* libsqlite3.0.tbd */,
				8FA1BDF71EEE299B00989ECA /* SystemConfiguration.framework */,
				8FA1BDF51EEE298400989ECA /* CoreTelephony.framework */,
				8FA1BDF31EEE297800989ECA /* Foundation.framework */,
				8FA1BDF11EEE296F00989ECA /* libz.tbd */,
				8FA1BDEF1EEE296500989ECA /* libc++.tbd */,
				8FA1BDED1EEE295B00989ECA /* Security.framework */,
				8FA1BDEB1EEE295400989ECA /* libcurses.tbd */,
				8FA1BDE91EEE294800989ECA /* CFNetwork.framework */,
				8FA1BDE71EEE294200989ECA /* UIKit.framework */,
			);
			name = Frameworks;
			sourceTree = "<group>";
		};
/* End PBXGroup section */

/* Begin PBXNativeTarget section */
		8FA1BDCB1EEE28FD00989ECA /* DWWXSDKDemo */ = {
			isa = PBXNativeTarget;
			buildConfigurationList = 8FA1BDE31EEE28FD00989ECA /* Build configuration list for PBXNativeTarget "DWWXSDKDemo" */;
			buildPhases = (
				8FA1BDC81EEE28FD00989ECA /* Sources */,
				8FA1BDC91EEE28FD00989ECA /* Frameworks */,
				8FA1BDCA1EEE28FD00989ECA /* Resources */,
			);
			buildRules = (
			);
			dependencies = (
			);
			name = DWWXSDKDemo;
			productName = DWWXPayDemo;
			productReference = 8FA1BDCC1EEE28FD00989ECA /* DWWXSDKDemo.app */;
			productType = "com.apple.product-type.application";
		};
/* End PBXNativeTarget section */

/* Begin PBXProject section */
		8FA1BDC41EEE28FD00989ECA /* Project object */ = {
			isa = PBXProject;
			attributes = {
				LastUpgradeCheck = 0830;
				ORGANIZATIONNAME = dwang;
				TargetAttributes = {
					8FA1BDCB1EEE28FD00989ECA = {
						CreatedOnToolsVersion = 8.3.3;
						DevelopmentTeam = 7T92Q33AK6;
						ProvisioningStyle = Automatic;
					};
				};
			};
			buildConfigurationList = 8FA1BDC71EEE28FD00989ECA /* Build configuration list for PBXProject "DWWXSDKDemo" */;
			compatibilityVersion = "Xcode 3.2";
			developmentRegion = English;
			hasScannedForEncodings = 0;
			knownRegions = (
				en,
				Base,
			);
			mainGroup = 8FA1BDC31EEE28FD00989ECA;
			productRefGroup = 8FA1BDCD1EEE28FD00989ECA /* Products */;
			projectDirPath = "";
			projectRoot = "";
			targets = (
				8FA1BDCB1EEE28FD00989ECA /* DWWXSDKDemo */,
			);
		};
/* End PBXProject section */

/* Begin PBXResourcesBuildPhase section */
		8FA1BDCA1EEE28FD00989ECA /* Resources */ = {
			isa = PBXResourcesBuildPhase;
			buildActionMask = 2147483647;
			files = (
				8F33E2BC1EEFB78400DFFBD5 /* Info.plist in Resources */,
				8F33E2BA1EEFB78400DFFBD5 /* Main.storyboard in Resources */,
				8F33E2B81EEFB78400DFFBD5 /* Assets.xcassets in Resources */,
				8F33E2B91EEFB78400DFFBD5 /* LaunchScreen.storyboard in Resources */,
				8F33E2C71EF00FF000DFFBD5 /* shareImage.jpg in Resources */,
			);
			runOnlyForDeploymentPostprocessing = 0;
		};
/* End PBXResourcesBuildPhase section */

/* Begin PBXSourcesBuildPhase section */
		8FA1BDC81EEE28FD00989ECA /* Sources */ = {
			isa = PBXSourcesBuildPhase;
			buildActionMask = 2147483647;
			files = (
				8F33E2BB1EEFB78400DFFBD5 /* DWWXSDK.m in Sources */,
				8F33E2BD1EEFB78400DFFBD5 /* main.m in Sources */,
				8F33E2BF1EEFB78400DFFBD5 /* ViewController.m in Sources */,
				8F33E2B71EEFB78400DFFBD5 /* AppDelegate.m in Sources */,
			);
			runOnlyForDeploymentPostprocessing = 0;
		};
/* End PBXSourcesBuildPhase section */

/* Begin PBXVariantGroup section */
		8F33E2A71EEFB78400DFFBD5 /* LaunchScreen.storyboard */ = {
			isa = PBXVariantGroup;
			children = (
				8F33E2A81EEFB78400DFFBD5 /* Base */,
			);
			name = LaunchScreen.storyboard;
			sourceTree = "<group>";
		};
		8F33E2A91EEFB78400DFFBD5 /* Main.storyboard */ = {
			isa = PBXVariantGroup;
			children = (
				8F33E2AA1EEFB78400DFFBD5 /* Base */,
			);
			name = Main.storyboard;
			sourceTree = "<group>";
		};
/* End PBXVariantGroup section */

/* Begin XCBuildConfiguration section */
		8FA1BDE11EEE28FD00989ECA /* Debug */ = {
			isa = XCBuildConfiguration;
			buildSettings = {
				ALWAYS_SEARCH_USER_PATHS = NO;
				CLANG_ANALYZER_NONNULL = YES;
				CLANG_ANALYZER_NUMBER_OBJECT_CONVERSION = YES_AGGRESSIVE;
				CLANG_CXX_LANGUAGE_STANDARD = "gnu++0x";
				CLANG_CXX_LIBRARY = "libc++";
				CLANG_ENABLE_MODULES = YES;
				CLANG_ENABLE_OBJC_ARC = YES;
				CLANG_WARN_BOOL_CONVERSION = YES;
				CLANG_WARN_CONSTANT_CONVERSION = YES;
				CLANG_WARN_DIRECT_OBJC_ISA_USAGE = YES_ERROR;
				CLANG_WARN_DOCUMENTATION_COMMENTS = YES;
				CLANG_WARN_EMPTY_BODY = YES;
				CLANG_WARN_ENUM_CONVERSION = YES;
				CLANG_WARN_INFINITE_RECURSION = YES;
				CLANG_WARN_INT_CONVERSION = YES;
				CLANG_WARN_OBJC_ROOT_CLASS = YES_ERROR;
				CLANG_WARN_SUSPICIOUS_MOVE = YES;
				CLANG_WARN_UNREACHABLE_CODE = YES;
				CLANG_WARN__DUPLICATE_METHOD_MATCH = YES;
				"CODE_SIGN_IDENTITY[sdk=iphoneos*]" = "iPhone Developer";
				COPY_PHASE_STRIP = NO;
				DEBUG_INFORMATION_FORMAT = dwarf;
				ENABLE_STRICT_OBJC_MSGSEND = YES;
				ENABLE_TESTABILITY = YES;
				GCC_C_LANGUAGE_STANDARD = gnu99;
				GCC_DYNAMIC_NO_PIC = NO;
				GCC_NO_COMMON_BLOCKS = YES;
				GCC_OPTIMIZATION_LEVEL = 0;
				GCC_PREPROCESSOR_DEFINITIONS = (
					"DEBUG=1",
					"$(inherited)",
				);
				GCC_WARN_64_TO_32_BIT_CONVERSION = YES;
				GCC_WARN_ABOUT_RETURN_TYPE = YES_ERROR;
				GCC_WARN_UNDECLARED_SELECTOR = YES;
				GCC_WARN_UNINITIALIZED_AUTOS = YES_AGGRESSIVE;
				GCC_WARN_UNUSED_FUNCTION = YES;
				GCC_WARN_UNUSED_VARIABLE = YES;
				IPHONEOS_DEPLOYMENT_TARGET = 10.3;
				MTL_ENABLE_DEBUG_INFO = YES;
				ONLY_ACTIVE_ARCH = YES;
				SDKROOT = iphoneos;
				TARGETED_DEVICE_FAMILY = "1,2";
			};
			name = Debug;
		};
		8FA1BDE21EEE28FD00989ECA /* Release */ = {
			isa = XCBuildConfiguration;
			buildSettings = {
				ALWAYS_SEARCH_USER_PATHS = NO;
				CLANG_ANALYZER_NONNULL = YES;
				CLANG_ANALYZER_NUMBER_OBJECT_CONVERSION = YES_AGGRESSIVE;
				CLANG_CXX_LANGUAGE_STANDARD = "gnu++0x";
				CLANG_CXX_LIBRARY = "libc++";
				CLANG_ENABLE_MODULES = YES;
				CLANG_ENABLE_OBJC_ARC = YES;
				CLANG_WARN_BOOL_CONVERSION = YES;
				CLANG_WARN_CONSTANT_CONVERSION = YES;
				CLANG_WARN_DIRECT_OBJC_ISA_USAGE = YES_ERROR;
				CLANG_WARN_DOCUMENTATION_COMMENTS = YES;
				CLANG_WARN_EMPTY_BODY = YES;
				CLANG_WARN_ENUM_CONVERSION = YES;
				CLANG_WARN_INFINITE_RECURSION = YES;
				CLANG_WARN_INT_CONVERSION = YES;
				CLANG_WARN_OBJC_ROOT_CLASS = YES_ERROR;
				CLANG_WARN_SUSPICIOUS_MOVE = YES;
				CLANG_WARN_UNREACHABLE_CODE = YES;
				CLANG_WARN__DUPLICATE_METHOD_MATCH = YES;
				"CODE_SIGN_IDENTITY[sdk=iphoneos*]" = "iPhone Developer";
				COPY_PHASE_STRIP = NO;
				DEBUG_INFORMATION_FORMAT = "dwarf-with-dsym";
				ENABLE_NS_ASSERTIONS = NO;
				ENABLE_STRICT_OBJC_MSGSEND = YES;
				GCC_C_LANGUAGE_STANDARD = gnu99;
				GCC_NO_COMMON_BLOCKS = YES;
				GCC_WARN_64_TO_32_BIT_CONVERSION = YES;
				GCC_WARN_ABOUT_RETURN_TYPE = YES_ERROR;
				GCC_WARN_UNDECLARED_SELECTOR = YES;
				GCC_WARN_UNINITIALIZED_AUTOS = YES_AGGRESSIVE;
				GCC_WARN_UNUSED_FUNCTION = YES;
				GCC_WARN_UNUSED_VARIABLE = YES;
				IPHONEOS_DEPLOYMENT_TARGET = 10.3;
				MTL_ENABLE_DEBUG_INFO = NO;
				SDKROOT = iphoneos;
				TARGETED_DEVICE_FAMILY = "1,2";
				VALIDATE_PRODUCT = YES;
			};
			name = Release;
		};
		8FA1BDE41EEE28FD00989ECA /* Debug */ = {
			isa = XCBuildConfiguration;
			buildSettings = {
				DEVELOPMENT_TEAM = 7T92Q33AK6;
				INFOPLIST_FILE = "$(SRCROOT)/DWWXSDKDemo/Info.plist";
				IPHONEOS_DEPLOYMENT_TARGET = 8.0;
				LD_RUNPATH_SEARCH_PATHS = "$(inherited) @executable_path/Frameworks";
				LIBRARY_SEARCH_PATHS = (
					"$(inherited)",
					"$(PROJECT_DIR)/DWWXPayDemo/OpenSDK1.7.7",
					"$(PROJECT_DIR)/DWWXSDKDemo/OpenSDK1.7.7",
				);
				OTHER_LDFLAGS = (
					"-Objc",
					"-all_load",
				);
				PRODUCT_BUNDLE_IDENTIFIER = vip.dwang.DWWXPayDemo;
				PRODUCT_NAME = "$(TARGET_NAME)";
			};
			name = Debug;
		};
		8FA1BDE51EEE28FD00989ECA /* Release */ = {
			isa = XCBuildConfiguration;
			buildSettings = {
				DEVELOPMENT_TEAM = 7T92Q33AK6;
				INFOPLIST_FILE = "$(SRCROOT)/DWWXSDKDemo/Info.plist";
				IPHONEOS_DEPLOYMENT_TARGET = 8.0;
				LD_RUNPATH_SEARCH_PATHS = "$(inherited) @executable_path/Frameworks";
				LIBRARY_SEARCH_PATHS = (
					"$(inherited)",
					"$(PROJECT_DIR)/DWWXPayDemo/OpenSDK1.7.7",
					"$(PROJECT_DIR)/DWWXSDKDemo/OpenSDK1.7.7",
				);
				OTHER_LDFLAGS = (
					"-Objc",
					"-all_load",
				);
				PRODUCT_BUNDLE_IDENTIFIER = vip.dwang.DWWXPayDemo;
				PRODUCT_NAME = "$(TARGET_NAME)";
			};
			name = Release;
		};
/* End XCBuildConfiguration section */

/* Begin XCConfigurationList section */
		8FA1BDC71EEE28FD00989ECA /* Build configuration list for PBXProject "DWWXSDKDemo" */ = {
			isa = XCConfigurationList;
			buildConfigurations = (
				8FA1BDE11EEE28FD00989ECA /* Debug */,
				8FA1BDE21EEE28FD00989ECA /* Release */,
			);
			defaultConfigurationIsVisible = 0;
			defaultConfigurationName = Release;
		};
		8FA1BDE31EEE28FD00989ECA /* Build configuration list for PBXNativeTarget "DWWXSDKDemo" */ = {
			isa = XCConfigurationList;
			buildConfigurations = (
				8FA1BDE41EEE28FD00989ECA /* Debug */,
				8FA1BDE51EEE28FD00989ECA /* Release */,
			);
			defaultConfigurationIsVisible = 0;
			defaultConfigurationName = Release;
		};
/* End XCConfigurationList section */
	};
	rootObject = 8FA1BDC41EEE28FD00989ECA /* Project object */;
}
